
Microsoft Visual Studio Solution File, Format Version 12.00
# Visual Studio Version 16
VisualStudioVersion = 16.0.30204.135
MinimumVisualStudioVersion = 10.0.40219.1
Project("{9A19103F-16F7-4668-BE54-9A1E7A4F7556}") = "01.EvenLines", "01.EvenLines\01.EvenLines.csproj", "{D864756F-4C34-4388-BE09-89555F48E8F4}"
EndProject
Project("{9A19103F-16F7-4668-BE54-9A1E7A4F7556}") = "02.LineNumbers", "02.LineNumbers\02.LineNumbers.csproj", "{496F7009-9625-4A2D-848C-D39DFFCD82DB}"
EndProject
Project("{9A19103F-16F7-4668-BE54-9A1E7A4F7556}") = "04.CopyBinaryFile", "04.CopyBinaryFile\04.CopyBinaryFile.csproj", "{91D4DC10-8FAD-4A41-8C97-266EFA20BFB6}"
EndProject
Project("{9A19103F-16F7-4668-BE54-9A1E7A4F7556}") = "05.DirectoryTraversal", "05.DirectoryTraversal\05.DirectoryTraversal.csproj", "{DDD554D8-8573-4187-A7CB-0687BBE705A7}"
EndProject
Project("{FAE04EC0-301F-11D3-BF4B-00C04F79EFBC}") = "06.ZipAndExtract", "06.ZipAndExtract\06.ZipAndExtract.csproj", "{13192CAD-6FD7-4FF2-BB27-609E9D7DD9A2}"
EndProject
Project("{FAE04EC0-301F-11D3-BF4B-00C04F79EFBC}") = "03.WordCount", "03.WordCount\03.WordCount.csproj", "{122474FE-FAE3-4453-A9B4-95E381F3A220}"
EndProject
Global
	GlobalSection(SolutionConfigurationPlatforms) = preSolution
		Debug|Any CPU = Debug|Any CPU
		Release|Any CPU = Release|Any CPU
	EndGlobalSection
	GlobalSection(ProjectConfigurationPlatforms) = postSolution
		{D864756F-4C34-4388-BE09-89555F48E8F4}.Debug|Any CPU.ActiveCfg = Debug|Any CPU
		{D864756F-4C34-4388-BE09-89555F48E8F4}.Debug|Any CPU.Build.0 = Debug|Any CPU
		{D864756F-4C34-4388-BE09-89555F48E8F4}.Release|Any CPU.ActiveCfg = Release|Any CPU
		{D864756F-4C34-4388-BE09-89555F48E8F4}.Release|Any CPU.Build.0 = Release|Any CPU
		{496F7009-9625-4A2D-848C-D39DFFCD82DB}.Debug|Any CPU.ActiveCfg = Debug|Any CPU
		{496F7009-9625-4A2D-848C-D39DFFCD82DB}.Debug|Any CPU.Build.0 = Debug|Any CPU
		{496F7009-9625-4A2D-848C-D39DFFCD82DB}.Release|Any CPU.ActiveCfg = Release|Any CPU
		{496F7009-9625-4A2D-848C-D39DFFCD82DB}.Release|Any CPU.Build.0 = Release|Any CPU
		{91D4DC10-8FAD-4A41-8C97-266EFA20BFB6}.Debug|Any CPU.ActiveCfg = Debug|Any CPU
		{91D4DC10-8FAD-4A41-8C97-266EFA20BFB6}.Debug|Any CPU.Build.0 = Debug|Any CPU
		{91D4DC10-8FAD-4A41-8C97-266EFA20BFB6}.Release|Any CPU.ActiveCfg = Release|Any CPU
		{91D4DC10-8FAD-4A41-8C97-266EFA20BFB6}.Release|Any CPU.Build.0 = Release|Any CPU
		{DDD554D8-8573-4187-A7CB-0687BBE705A7}.Debug|Any CPU.ActiveCfg = Debug|Any CPU
		{DDD554D8-8573-4187-A7CB-0687BBE705A7}.Debug|Any CPU.Build.0 = Debug|Any CPU
		{DDD554D8-8573-4187-A7CB-0687BBE705A7}.Release|Any CPU.ActiveCfg = Release|Any CPU
		{DDD554D8-8573-4187-A7CB-0687BBE705A7}.Release|Any CPU.Build.0 = Release|Any CPU
		{13192CAD-6FD7-4FF2-BB27-609E9D7DD9A2}.Debug|Any CPU.ActiveCfg = Debug|Any CPU
		{13192CAD-6FD7-4FF2-BB27-609E9D7DD9A2}.Debug|Any CPU.Build.0 = Debug|Any CPU
		{13192CAD-6FD7-4FF2-BB27-609E9D7DD9A2}.Release|Any CPU.ActiveCfg = Release|Any CPU
		{13192CAD-6FD7-4FF2-BB27-609E9D7DD9A2}.Release|Any CPU.Build.0 = Release|Any CPU
		{122474FE-FAE3-4453-A9B4-95E381F3A220}.Debug|Any CPU.ActiveCfg = Debug|Any CPU
		{122474FE-FAE3-4453-A9B4-95E381F3A220}.Debug|Any CPU.Build.0 = Debug|Any CPU
		{122474FE-FAE3-4453-A9B4-95E381F3A220}.Release|Any CPU.ActiveCfg = Release|Any CPU
		{122474FE-FAE3-4453-A9B4-95E381F3A220}.Release|Any CPU.Build.0 = Release|Any CPU
	EndGlobalSection
	GlobalSection(SolutionProperties) = preSolution
		HideSolutionNode = FALSE
	EndGlobalSection
	GlobalSection(ExtensibilityGlobals) = postSolution
		SolutionGuid = {288E929B-CC07-4FD8-A36B-E4A8AB9E1404}
	EndGlobalSection
EndGlobal
