
Microsoft Visual Studio Solution File, Format Version 12.00
# Visual Studio Version 16
VisualStudioVersion = 16.0.30204.135
MinimumVisualStudioVersion = 10.0.40219.1
Project("{9A19103F-16F7-4668-BE54-9A1E7A4F7556}") = "01.CountRealNumbers", "01.CountRealNumbers\01.CountRealNumbers.csproj", "{33E63BED-3486-4E0B-BC91-BA2C2097320E}"
EndProject
Project("{9A19103F-16F7-4668-BE54-9A1E7A4F7556}") = "03.WordSynonyms", "03.WordSynonyms\03.WordSynonyms.csproj", "{2388AEE8-A36D-4CDA-9551-3864A46E54C6}"
EndProject
Project("{9A19103F-16F7-4668-BE54-9A1E7A4F7556}") = "05.WordFilter", "05.WordFilter\05.WordFilter.csproj", "{EE8899D8-788A-413E-A537-53B4DFB7BDF9}"
EndProject
Project("{9A19103F-16F7-4668-BE54-9A1E7A4F7556}") = "04.LargestThreeNumbers", "04.LargestThreeNumbers\04.LargestThreeNumbers.csproj", "{EF810FE7-2C8E-491B-BB49-C1ED8A16FB1B}"
EndProject
Project("{FAE04EC0-301F-11D3-BF4B-00C04F79EFBC}") = "02.OddOccurrences", "2.OddOccurrences\02.OddOccurrences.csproj", "{EBAEF246-2012-415E-96D3-7E4C521A4F6B}"
EndProject
Global
	GlobalSection(SolutionConfigurationPlatforms) = preSolution
		Debug|Any CPU = Debug|Any CPU
		Release|Any CPU = Release|Any CPU
	EndGlobalSection
	GlobalSection(ProjectConfigurationPlatforms) = postSolution
		{33E63BED-3486-4E0B-BC91-BA2C2097320E}.Debug|Any CPU.ActiveCfg = Debug|Any CPU
		{33E63BED-3486-4E0B-BC91-BA2C2097320E}.Debug|Any CPU.Build.0 = Debug|Any CPU
		{33E63BED-3486-4E0B-BC91-BA2C2097320E}.Release|Any CPU.ActiveCfg = Release|Any CPU
		{33E63BED-3486-4E0B-BC91-BA2C2097320E}.Release|Any CPU.Build.0 = Release|Any CPU
		{2388AEE8-A36D-4CDA-9551-3864A46E54C6}.Debug|Any CPU.ActiveCfg = Debug|Any CPU
		{2388AEE8-A36D-4CDA-9551-3864A46E54C6}.Debug|Any CPU.Build.0 = Debug|Any CPU
		{2388AEE8-A36D-4CDA-9551-3864A46E54C6}.Release|Any CPU.ActiveCfg = Release|Any CPU
		{2388AEE8-A36D-4CDA-9551-3864A46E54C6}.Release|Any CPU.Build.0 = Release|Any CPU
		{EE8899D8-788A-413E-A537-53B4DFB7BDF9}.Debug|Any CPU.ActiveCfg = Debug|Any CPU
		{EE8899D8-788A-413E-A537-53B4DFB7BDF9}.Debug|Any CPU.Build.0 = Debug|Any CPU
		{EE8899D8-788A-413E-A537-53B4DFB7BDF9}.Release|Any CPU.ActiveCfg = Release|Any CPU
		{EE8899D8-788A-413E-A537-53B4DFB7BDF9}.Release|Any CPU.Build.0 = Release|Any CPU
		{EF810FE7-2C8E-491B-BB49-C1ED8A16FB1B}.Debug|Any CPU.ActiveCfg = Debug|Any CPU
		{EF810FE7-2C8E-491B-BB49-C1ED8A16FB1B}.Debug|Any CPU.Build.0 = Debug|Any CPU
		{EF810FE7-2C8E-491B-BB49-C1ED8A16FB1B}.Release|Any CPU.ActiveCfg = Release|Any CPU
		{EF810FE7-2C8E-491B-BB49-C1ED8A16FB1B}.Release|Any CPU.Build.0 = Release|Any CPU
		{EBAEF246-2012-415E-96D3-7E4C521A4F6B}.Debug|Any CPU.ActiveCfg = Debug|Any CPU
		{EBAEF246-2012-415E-96D3-7E4C521A4F6B}.Debug|Any CPU.Build.0 = Debug|Any CPU
		{EBAEF246-2012-415E-96D3-7E4C521A4F6B}.Release|Any CPU.ActiveCfg = Release|Any CPU
		{EBAEF246-2012-415E-96D3-7E4C521A4F6B}.Release|Any CPU.Build.0 = Release|Any CPU
	EndGlobalSection
	GlobalSection(SolutionProperties) = preSolution
		HideSolutionNode = FALSE
	EndGlobalSection
	GlobalSection(ExtensibilityGlobals) = postSolution
		SolutionGuid = {7B2659A6-D89B-46CE-9042-7A62EBB7E12E}
	EndGlobalSection
EndGlobal
