
Microsoft Visual Studio Solution File, Format Version 12.00
# Visual Studio Version 16
VisualStudioVersion = 16.0.30611.23
MinimumVisualStudioVersion = 10.0.40219.1
Project("{FAE04EC0-301F-11D3-BF4B-00C04F79EFBC}") = "CustomDoublyLinkedList", "ImplementingLinkedList\CustomDoublyLinkedList.csproj", "{73FBECD8-5E56-41C1-87E3-C1720F955628}"
EndProject
Global
	GlobalSection(SolutionConfigurationPlatforms) = preSolution
		Debug|Any CPU = Debug|Any CPU
		Release|Any CPU = Release|Any CPU
	EndGlobalSection
	GlobalSection(ProjectConfigurationPlatforms) = postSolution
		{73FBECD8-5E56-41C1-87E3-C1720F955628}.Debug|Any CPU.ActiveCfg = Debug|Any CPU
		{73FBECD8-5E56-41C1-87E3-C1720F955628}.Debug|Any CPU.Build.0 = Debug|Any CPU
		{73FBECD8-5E56-41C1-87E3-C1720F955628}.Release|Any CPU.ActiveCfg = Release|Any CPU
		{73FBECD8-5E56-41C1-87E3-C1720F955628}.Release|Any CPU.Build.0 = Release|Any CPU
	EndGlobalSection
	GlobalSection(SolutionProperties) = preSolution
		HideSolutionNode = FALSE
	EndGlobalSection
	GlobalSection(ExtensibilityGlobals) = postSolution
		SolutionGuid = {E91F2537-6AAD-44F1-9A76-E1BA5C5EC0CB}
	EndGlobalSection
EndGlobal
