
Microsoft Visual Studio Solution File, Format Version 12.00
# Visual Studio Version 16
VisualStudioVersion = 16.0.30204.135
MinimumVisualStudioVersion = 10.0.40219.1
Project("{9A19103F-16F7-4668-BE54-9A1E7A4F7556}") = "01.BasicStackOperations", "01.BasicStackOperations\01.BasicStackOperations.csproj", "{ABC69B52-1CA4-4F77-85F6-493F8E9F9CEB}"
EndProject
Project("{9A19103F-16F7-4668-BE54-9A1E7A4F7556}") = "02.BasicQueueOperations", "02.BasicQueueOperations\02.BasicQueueOperations.csproj", "{9EAAF99B-910B-4D99-8F14-BD75648B008D}"
EndProject
Project("{FAE04EC0-301F-11D3-BF4B-00C04F79EFBC}") = "04.FastFood", "04.FastFood\04.FastFood.csproj", "{6615E775-B5ED-46E9-AD7F-F01FB3E26ED2}"
EndProject
Project("{FAE04EC0-301F-11D3-BF4B-00C04F79EFBC}") = "05.FashionBoutique", "05.FashionBoutique\05.FashionBoutique.csproj", "{85B40164-0DC0-4C34-9D35-52AE540C8427}"
EndProject
Project("{FAE04EC0-301F-11D3-BF4B-00C04F79EFBC}") = "06.SongsQueue", "06.SongsQueue\06.SongsQueue.csproj", "{AB63AA64-88C4-40C0-8DBE-ED15E68D4771}"
EndProject
Global
	GlobalSection(SolutionConfigurationPlatforms) = preSolution
		Debug|Any CPU = Debug|Any CPU
		Release|Any CPU = Release|Any CPU
	EndGlobalSection
	GlobalSection(ProjectConfigurationPlatforms) = postSolution
		{ABC69B52-1CA4-4F77-85F6-493F8E9F9CEB}.Debug|Any CPU.ActiveCfg = Debug|Any CPU
		{ABC69B52-1CA4-4F77-85F6-493F8E9F9CEB}.Debug|Any CPU.Build.0 = Debug|Any CPU
		{ABC69B52-1CA4-4F77-85F6-493F8E9F9CEB}.Release|Any CPU.ActiveCfg = Release|Any CPU
		{ABC69B52-1CA4-4F77-85F6-493F8E9F9CEB}.Release|Any CPU.Build.0 = Release|Any CPU
		{9EAAF99B-910B-4D99-8F14-BD75648B008D}.Debug|Any CPU.ActiveCfg = Debug|Any CPU
		{9EAAF99B-910B-4D99-8F14-BD75648B008D}.Debug|Any CPU.Build.0 = Debug|Any CPU
		{9EAAF99B-910B-4D99-8F14-BD75648B008D}.Release|Any CPU.ActiveCfg = Release|Any CPU
		{9EAAF99B-910B-4D99-8F14-BD75648B008D}.Release|Any CPU.Build.0 = Release|Any CPU
		{6615E775-B5ED-46E9-AD7F-F01FB3E26ED2}.Debug|Any CPU.ActiveCfg = Debug|Any CPU
		{6615E775-B5ED-46E9-AD7F-F01FB3E26ED2}.Debug|Any CPU.Build.0 = Debug|Any CPU
		{6615E775-B5ED-46E9-AD7F-F01FB3E26ED2}.Release|Any CPU.ActiveCfg = Release|Any CPU
		{6615E775-B5ED-46E9-AD7F-F01FB3E26ED2}.Release|Any CPU.Build.0 = Release|Any CPU
		{85B40164-0DC0-4C34-9D35-52AE540C8427}.Debug|Any CPU.ActiveCfg = Debug|Any CPU
		{85B40164-0DC0-4C34-9D35-52AE540C8427}.Debug|Any CPU.Build.0 = Debug|Any CPU
		{85B40164-0DC0-4C34-9D35-52AE540C8427}.Release|Any CPU.ActiveCfg = Release|Any CPU
		{85B40164-0DC0-4C34-9D35-52AE540C8427}.Release|Any CPU.Build.0 = Release|Any CPU
		{AB63AA64-88C4-40C0-8DBE-ED15E68D4771}.Debug|Any CPU.ActiveCfg = Debug|Any CPU
		{AB63AA64-88C4-40C0-8DBE-ED15E68D4771}.Debug|Any CPU.Build.0 = Debug|Any CPU
		{AB63AA64-88C4-40C0-8DBE-ED15E68D4771}.Release|Any CPU.ActiveCfg = Release|Any CPU
		{AB63AA64-88C4-40C0-8DBE-ED15E68D4771}.Release|Any CPU.Build.0 = Release|Any CPU
	EndGlobalSection
	GlobalSection(SolutionProperties) = preSolution
		HideSolutionNode = FALSE
	EndGlobalSection
	GlobalSection(ExtensibilityGlobals) = postSolution
		SolutionGuid = {43DB51F4-6E56-44EC-A050-CE224FA04382}
	EndGlobalSection
EndGlobal
