
Microsoft Visual Studio Solution File, Format Version 12.00
# Visual Studio Version 16
VisualStudioVersion = 16.0.29806.167
MinimumVisualStudioVersion = 10.0.40219.1
Project("{FAE04EC0-301F-11D3-BF4B-00C04F79EFBC}") = "BoxOfT", "Box\BoxOfT.csproj", "{74F715D1-54FD-4585-862D-6CB3097B2D00}"
EndProject
Project("{FAE04EC0-301F-11D3-BF4B-00C04F79EFBC}") = "GenericArrayCreator", "GenericArrayCreator\GenericArrayCreator.csproj", "{54E375D5-CC35-4376-80FE-769DB4A78435}"
EndProject
Project("{FAE04EC0-301F-11D3-BF4B-00C04F79EFBC}") = "GenericScale", "GenericScale\GenericScale.csproj", "{21531B11-154B-4673-BDBC-C44FDADD35B0}"
EndProject
Global
	GlobalSection(SolutionConfigurationPlatforms) = preSolution
		Debug|Any CPU = Debug|Any CPU
		Release|Any CPU = Release|Any CPU
	EndGlobalSection
	GlobalSection(ProjectConfigurationPlatforms) = postSolution
		{74F715D1-54FD-4585-862D-6CB3097B2D00}.Debug|Any CPU.ActiveCfg = Debug|Any CPU
		{74F715D1-54FD-4585-862D-6CB3097B2D00}.Debug|Any CPU.Build.0 = Debug|Any CPU
		{74F715D1-54FD-4585-862D-6CB3097B2D00}.Release|Any CPU.ActiveCfg = Release|Any CPU
		{74F715D1-54FD-4585-862D-6CB3097B2D00}.Release|Any CPU.Build.0 = Release|Any CPU
		{54E375D5-CC35-4376-80FE-769DB4A78435}.Debug|Any CPU.ActiveCfg = Debug|Any CPU
		{54E375D5-CC35-4376-80FE-769DB4A78435}.Debug|Any CPU.Build.0 = Debug|Any CPU
		{54E375D5-CC35-4376-80FE-769DB4A78435}.Release|Any CPU.ActiveCfg = Release|Any CPU
		{54E375D5-CC35-4376-80FE-769DB4A78435}.Release|Any CPU.Build.0 = Release|Any CPU
		{21531B11-154B-4673-BDBC-C44FDADD35B0}.Debug|Any CPU.ActiveCfg = Debug|Any CPU
		{21531B11-154B-4673-BDBC-C44FDADD35B0}.Debug|Any CPU.Build.0 = Debug|Any CPU
		{21531B11-154B-4673-BDBC-C44FDADD35B0}.Release|Any CPU.ActiveCfg = Release|Any CPU
		{21531B11-154B-4673-BDBC-C44FDADD35B0}.Release|Any CPU.Build.0 = Release|Any CPU
	EndGlobalSection
	GlobalSection(SolutionProperties) = preSolution
		HideSolutionNode = FALSE
	EndGlobalSection
	GlobalSection(ExtensibilityGlobals) = postSolution
		SolutionGuid = {BD856996-94E3-40DE-A8D6-0BD579A7CB1B}
	EndGlobalSection
EndGlobal
