
Microsoft Visual Studio Solution File, Format Version 12.00
# Visual Studio Version 16
VisualStudioVersion = 16.0.30611.23
MinimumVisualStudioVersion = 10.0.40219.1
Project("{9A19103F-16F7-4668-BE54-9A1E7A4F7556}") = "01.ClassBoxData", "01.ClassBoxData\01.ClassBoxData.csproj", "{00B205D0-1BF2-4CA3-81DA-13DEF5CB3C7E}"
EndProject
Project("{9A19103F-16F7-4668-BE54-9A1E7A4F7556}") = "03.ShoppingSpree", "03.ShoppingSpree\03.ShoppingSpree.csproj", "{4948879D-5799-494F-A4AF-031A55AB7F36}"
EndProject
Project("{9A19103F-16F7-4668-BE54-9A1E7A4F7556}") = "05.FootballTeamGenerator", "05.FootballTeamGenerator\05.FootballTeamGenerator.csproj", "{4B80A61A-E919-4A43-924C-0CF96D228918}"
EndProject
Project("{FAE04EC0-301F-11D3-BF4B-00C04F79EFBC}") = "04.PizzaCalories", "04.PizzaCalories\04.PizzaCalories.csproj", "{10059BAC-F0DF-4883-8984-E02CF651B6CE}"
EndProject
Global
	GlobalSection(SolutionConfigurationPlatforms) = preSolution
		Debug|Any CPU = Debug|Any CPU
		Release|Any CPU = Release|Any CPU
	EndGlobalSection
	GlobalSection(ProjectConfigurationPlatforms) = postSolution
		{00B205D0-1BF2-4CA3-81DA-13DEF5CB3C7E}.Debug|Any CPU.ActiveCfg = Debug|Any CPU
		{00B205D0-1BF2-4CA3-81DA-13DEF5CB3C7E}.Debug|Any CPU.Build.0 = Debug|Any CPU
		{00B205D0-1BF2-4CA3-81DA-13DEF5CB3C7E}.Release|Any CPU.ActiveCfg = Release|Any CPU
		{00B205D0-1BF2-4CA3-81DA-13DEF5CB3C7E}.Release|Any CPU.Build.0 = Release|Any CPU
		{4948879D-5799-494F-A4AF-031A55AB7F36}.Debug|Any CPU.ActiveCfg = Debug|Any CPU
		{4948879D-5799-494F-A4AF-031A55AB7F36}.Debug|Any CPU.Build.0 = Debug|Any CPU
		{4948879D-5799-494F-A4AF-031A55AB7F36}.Release|Any CPU.ActiveCfg = Release|Any CPU
		{4948879D-5799-494F-A4AF-031A55AB7F36}.Release|Any CPU.Build.0 = Release|Any CPU
		{4B80A61A-E919-4A43-924C-0CF96D228918}.Debug|Any CPU.ActiveCfg = Debug|Any CPU
		{4B80A61A-E919-4A43-924C-0CF96D228918}.Debug|Any CPU.Build.0 = Debug|Any CPU
		{4B80A61A-E919-4A43-924C-0CF96D228918}.Release|Any CPU.ActiveCfg = Release|Any CPU
		{4B80A61A-E919-4A43-924C-0CF96D228918}.Release|Any CPU.Build.0 = Release|Any CPU
		{10059BAC-F0DF-4883-8984-E02CF651B6CE}.Debug|Any CPU.ActiveCfg = Debug|Any CPU
		{10059BAC-F0DF-4883-8984-E02CF651B6CE}.Debug|Any CPU.Build.0 = Debug|Any CPU
		{10059BAC-F0DF-4883-8984-E02CF651B6CE}.Release|Any CPU.ActiveCfg = Release|Any CPU
		{10059BAC-F0DF-4883-8984-E02CF651B6CE}.Release|Any CPU.Build.0 = Release|Any CPU
	EndGlobalSection
	GlobalSection(SolutionProperties) = preSolution
		HideSolutionNode = FALSE
	EndGlobalSection
	GlobalSection(ExtensibilityGlobals) = postSolution
		SolutionGuid = {FBDD600C-2141-4BD1-8E5F-D6A3E855D882}
	EndGlobalSection
EndGlobal
