
Microsoft Visual Studio Solution File, Format Version 12.00
# Visual Studio Version 16
VisualStudioVersion = 16.0.30611.23
MinimumVisualStudioVersion = 10.0.40219.1
Project("{9A19103F-16F7-4668-BE54-9A1E7A4F7556}") = "LoggerEx", "Logger\LoggerEx.csproj", "{A2372BFC-455F-49E5-B6E3-A1015F136F11}"
EndProject
Global
	GlobalSection(SolutionConfigurationPlatforms) = preSolution
		Debug|Any CPU = Debug|Any CPU
		Release|Any CPU = Release|Any CPU
	EndGlobalSection
	GlobalSection(ProjectConfigurationPlatforms) = postSolution
		{A2372BFC-455F-49E5-B6E3-A1015F136F11}.Debug|Any CPU.ActiveCfg = Debug|Any CPU
		{A2372BFC-455F-49E5-B6E3-A1015F136F11}.Debug|Any CPU.Build.0 = Debug|Any CPU
		{A2372BFC-455F-49E5-B6E3-A1015F136F11}.Release|Any CPU.ActiveCfg = Release|Any CPU
		{A2372BFC-455F-49E5-B6E3-A1015F136F11}.Release|Any CPU.Build.0 = Release|Any CPU
	EndGlobalSection
	GlobalSection(SolutionProperties) = preSolution
		HideSolutionNode = FALSE
	EndGlobalSection
	GlobalSection(ExtensibilityGlobals) = postSolution
		SolutionGuid = {7E321B63-DB1C-4F7A-9A56-5755699EEE8A}
	EndGlobalSection
EndGlobal
