
Microsoft Visual Studio Solution File, Format Version 12.00
# Visual Studio Version 16
VisualStudioVersion = 16.0.30523.141
MinimumVisualStudioVersion = 10.0.40219.1
Project("{9A19103F-16F7-4668-BE54-9A1E7A4F7556}") = "DefiningClasses", "DefiningClasses\DefiningClasses.csproj", "{BCA706B4-42BA-4031-8514-26A0FDD45216}"
EndProject
Project("{9A19103F-16F7-4668-BE54-9A1E7A4F7556}") = "DateModifier", "DateModifier\DateModifier.csproj", "{3C12EE36-F0F2-4485-90CC-87185FF9313D}"
EndProject
Project("{9A19103F-16F7-4668-BE54-9A1E7A4F7556}") = "SpeedRacing", "SpeedRacing\SpeedRacing.csproj", "{4E04F2D1-2B2C-47A1-B8FB-4971ECA03F45}"
EndProject
Project("{9A19103F-16F7-4668-BE54-9A1E7A4F7556}") = "RawData", "RawData\RawData.csproj", "{5F6C67B0-35D4-421F-B31A-26549D5A6E43}"
EndProject
Project("{9A19103F-16F7-4668-BE54-9A1E7A4F7556}") = "CarSalesman", "CarSalesman\CarSalesman.csproj", "{7A3E1911-2A1B-412B-8534-817E0D163552}"
EndProject
Project("{FAE04EC0-301F-11D3-BF4B-00C04F79EFBC}") = "PokemonTrainer", "PokemonTrainer\PokemonTrainer.csproj", "{ACD3C9B6-BA8A-4655-984D-0D814F1CFC52}"
EndProject
Global
	GlobalSection(SolutionConfigurationPlatforms) = preSolution
		Debug|Any CPU = Debug|Any CPU
		Release|Any CPU = Release|Any CPU
	EndGlobalSection
	GlobalSection(ProjectConfigurationPlatforms) = postSolution
		{BCA706B4-42BA-4031-8514-26A0FDD45216}.Debug|Any CPU.ActiveCfg = Debug|Any CPU
		{BCA706B4-42BA-4031-8514-26A0FDD45216}.Debug|Any CPU.Build.0 = Debug|Any CPU
		{BCA706B4-42BA-4031-8514-26A0FDD45216}.Release|Any CPU.ActiveCfg = Release|Any CPU
		{BCA706B4-42BA-4031-8514-26A0FDD45216}.Release|Any CPU.Build.0 = Release|Any CPU
		{3C12EE36-F0F2-4485-90CC-87185FF9313D}.Debug|Any CPU.ActiveCfg = Debug|Any CPU
		{3C12EE36-F0F2-4485-90CC-87185FF9313D}.Debug|Any CPU.Build.0 = Debug|Any CPU
		{3C12EE36-F0F2-4485-90CC-87185FF9313D}.Release|Any CPU.ActiveCfg = Release|Any CPU
		{3C12EE36-F0F2-4485-90CC-87185FF9313D}.Release|Any CPU.Build.0 = Release|Any CPU
		{4E04F2D1-2B2C-47A1-B8FB-4971ECA03F45}.Debug|Any CPU.ActiveCfg = Debug|Any CPU
		{4E04F2D1-2B2C-47A1-B8FB-4971ECA03F45}.Debug|Any CPU.Build.0 = Debug|Any CPU
		{4E04F2D1-2B2C-47A1-B8FB-4971ECA03F45}.Release|Any CPU.ActiveCfg = Release|Any CPU
		{4E04F2D1-2B2C-47A1-B8FB-4971ECA03F45}.Release|Any CPU.Build.0 = Release|Any CPU
		{5F6C67B0-35D4-421F-B31A-26549D5A6E43}.Debug|Any CPU.ActiveCfg = Debug|Any CPU
		{5F6C67B0-35D4-421F-B31A-26549D5A6E43}.Debug|Any CPU.Build.0 = Debug|Any CPU
		{5F6C67B0-35D4-421F-B31A-26549D5A6E43}.Release|Any CPU.ActiveCfg = Release|Any CPU
		{5F6C67B0-35D4-421F-B31A-26549D5A6E43}.Release|Any CPU.Build.0 = Release|Any CPU
		{7A3E1911-2A1B-412B-8534-817E0D163552}.Debug|Any CPU.ActiveCfg = Debug|Any CPU
		{7A3E1911-2A1B-412B-8534-817E0D163552}.Debug|Any CPU.Build.0 = Debug|Any CPU
		{7A3E1911-2A1B-412B-8534-817E0D163552}.Release|Any CPU.ActiveCfg = Release|Any CPU
		{7A3E1911-2A1B-412B-8534-817E0D163552}.Release|Any CPU.Build.0 = Release|Any CPU
		{ACD3C9B6-BA8A-4655-984D-0D814F1CFC52}.Debug|Any CPU.ActiveCfg = Debug|Any CPU
		{ACD3C9B6-BA8A-4655-984D-0D814F1CFC52}.Debug|Any CPU.Build.0 = Debug|Any CPU
		{ACD3C9B6-BA8A-4655-984D-0D814F1CFC52}.Release|Any CPU.ActiveCfg = Release|Any CPU
		{ACD3C9B6-BA8A-4655-984D-0D814F1CFC52}.Release|Any CPU.Build.0 = Release|Any CPU
	EndGlobalSection
	GlobalSection(SolutionProperties) = preSolution
		HideSolutionNode = FALSE
	EndGlobalSection
	GlobalSection(ExtensibilityGlobals) = postSolution
		SolutionGuid = {6E7BCDAD-8945-48D9-B788-F9C6C4370B3C}
	EndGlobalSection
EndGlobal
