
Microsoft Visual Studio Solution File, Format Version 12.00
# Visual Studio Version 16
VisualStudioVersion = 16.0.30611.23
MinimumVisualStudioVersion = 10.0.40219.1
Project("{9A19103F-16F7-4668-BE54-9A1E7A4F7556}") = "Animals", "Animals\Animals.csproj", "{BC9E5FF2-9278-4CFD-B59C-F424F4D013C7}"
EndProject
Project("{FAE04EC0-301F-11D3-BF4B-00C04F79EFBC}") = "Operations", "Operations\Operations.csproj", "{C21AD22D-EC01-4733-A23A-A00D80437BD3}"
EndProject
Project("{FAE04EC0-301F-11D3-BF4B-00C04F79EFBC}") = "Shapes", "Shapes\Shapes.csproj", "{47EBCF1D-39C2-4A6B-BA2E-6D9B1C182868}"
EndProject
Global
	GlobalSection(SolutionConfigurationPlatforms) = preSolution
		Debug|Any CPU = Debug|Any CPU
		Release|Any CPU = Release|Any CPU
	EndGlobalSection
	GlobalSection(ProjectConfigurationPlatforms) = postSolution
		{BC9E5FF2-9278-4CFD-B59C-F424F4D013C7}.Debug|Any CPU.ActiveCfg = Debug|Any CPU
		{BC9E5FF2-9278-4CFD-B59C-F424F4D013C7}.Debug|Any CPU.Build.0 = Debug|Any CPU
		{BC9E5FF2-9278-4CFD-B59C-F424F4D013C7}.Release|Any CPU.ActiveCfg = Release|Any CPU
		{BC9E5FF2-9278-4CFD-B59C-F424F4D013C7}.Release|Any CPU.Build.0 = Release|Any CPU
		{C21AD22D-EC01-4733-A23A-A00D80437BD3}.Debug|Any CPU.ActiveCfg = Debug|Any CPU
		{C21AD22D-EC01-4733-A23A-A00D80437BD3}.Debug|Any CPU.Build.0 = Debug|Any CPU
		{C21AD22D-EC01-4733-A23A-A00D80437BD3}.Release|Any CPU.ActiveCfg = Release|Any CPU
		{C21AD22D-EC01-4733-A23A-A00D80437BD3}.Release|Any CPU.Build.0 = Release|Any CPU
		{47EBCF1D-39C2-4A6B-BA2E-6D9B1C182868}.Debug|Any CPU.ActiveCfg = Debug|Any CPU
		{47EBCF1D-39C2-4A6B-BA2E-6D9B1C182868}.Debug|Any CPU.Build.0 = Debug|Any CPU
		{47EBCF1D-39C2-4A6B-BA2E-6D9B1C182868}.Release|Any CPU.ActiveCfg = Release|Any CPU
		{47EBCF1D-39C2-4A6B-BA2E-6D9B1C182868}.Release|Any CPU.Build.0 = Release|Any CPU
	EndGlobalSection
	GlobalSection(SolutionProperties) = preSolution
		HideSolutionNode = FALSE
	EndGlobalSection
	GlobalSection(ExtensibilityGlobals) = postSolution
		SolutionGuid = {C05A94B6-34E7-45C0-B16D-AFD9EF7EF18D}
	EndGlobalSection
EndGlobal
