
Microsoft Visual Studio Solution File, Format Version 12.00
# Visual Studio Version 16
VisualStudioVersion = 16.0.29806.167
MinimumVisualStudioVersion = 10.0.40219.1
Project("{FAE04EC0-301F-11D3-BF4B-00C04F79EFBC}") = "01.OddLines", "01.OddLines\01.OddLines.csproj", "{681406A7-5F11-48CA-97DF-6C7DC409D48D}"
EndProject
Project("{FAE04EC0-301F-11D3-BF4B-00C04F79EFBC}") = "02.LineNumbers", "02.LineNumbers\02.LineNumbers.csproj", "{D2B2AC27-E32A-4AE5-8C8F-FC2EA3F1EA5C}"
EndProject
Global
	GlobalSection(SolutionConfigurationPlatforms) = preSolution
		Debug|Any CPU = Debug|Any CPU
		Release|Any CPU = Release|Any CPU
	EndGlobalSection
	GlobalSection(ProjectConfigurationPlatforms) = postSolution
		{681406A7-5F11-48CA-97DF-6C7DC409D48D}.Debug|Any CPU.ActiveCfg = Debug|Any CPU
		{681406A7-5F11-48CA-97DF-6C7DC409D48D}.Debug|Any CPU.Build.0 = Debug|Any CPU
		{681406A7-5F11-48CA-97DF-6C7DC409D48D}.Release|Any CPU.ActiveCfg = Release|Any CPU
		{681406A7-5F11-48CA-97DF-6C7DC409D48D}.Release|Any CPU.Build.0 = Release|Any CPU
		{D2B2AC27-E32A-4AE5-8C8F-FC2EA3F1EA5C}.Debug|Any CPU.ActiveCfg = Debug|Any CPU
		{D2B2AC27-E32A-4AE5-8C8F-FC2EA3F1EA5C}.Debug|Any CPU.Build.0 = Debug|Any CPU
		{D2B2AC27-E32A-4AE5-8C8F-FC2EA3F1EA5C}.Release|Any CPU.ActiveCfg = Release|Any CPU
		{D2B2AC27-E32A-4AE5-8C8F-FC2EA3F1EA5C}.Release|Any CPU.Build.0 = Release|Any CPU
	EndGlobalSection
	GlobalSection(SolutionProperties) = preSolution
		HideSolutionNode = FALSE
	EndGlobalSection
	GlobalSection(ExtensibilityGlobals) = postSolution
		SolutionGuid = {88D48DD3-6493-4E5A-A019-B21B062724BE}
	EndGlobalSection
EndGlobal
