
Microsoft Visual Studio Solution File, Format Version 12.00
# Visual Studio Version 16
VisualStudioVersion = 16.0.31005.135
MinimumVisualStudioVersion = 10.0.40219.1
Project("{FAE04EC0-301F-11D3-BF4B-00C04F79EFBC}") = "RealEstates.Data", "RealEstates.Data\RealEstates.Data.csproj", "{C6591F53-7556-4156-A5D3-70E0DC4BDD0A}"
EndProject
Project("{FAE04EC0-301F-11D3-BF4B-00C04F79EFBC}") = "RealEstates.Models", "RealEstates.Models\RealEstates.Models.csproj", "{B54C4693-A197-4186-998D-3457ECC99BA1}"
EndProject
Project("{FAE04EC0-301F-11D3-BF4B-00C04F79EFBC}") = "RealEstates.Services", "RealEstates.Services\RealEstates.Services.csproj", "{A89218D6-A2D9-4887-94A7-C873D512DDB9}"
EndProject
Project("{FAE04EC0-301F-11D3-BF4B-00C04F79EFBC}") = "RealEstates.Importer", "RealEstates.Importer\RealEstates.Importer.csproj", "{0C207175-B083-4442-B823-DB7DD23667C5}"
EndProject
Project("{FAE04EC0-301F-11D3-BF4B-00C04F79EFBC}") = "RealEstates.ConsoleApplication", "RealEstates.ConsoleApplication\RealEstates.ConsoleApplication.csproj", "{16AA4441-22D6-459D-B771-B15CCC6D0A99}"
EndProject
Global
	GlobalSection(SolutionConfigurationPlatforms) = preSolution
		Debug|Any CPU = Debug|Any CPU
		Release|Any CPU = Release|Any CPU
	EndGlobalSection
	GlobalSection(ProjectConfigurationPlatforms) = postSolution
		{C6591F53-7556-4156-A5D3-70E0DC4BDD0A}.Debug|Any CPU.ActiveCfg = Debug|Any CPU
		{C6591F53-7556-4156-A5D3-70E0DC4BDD0A}.Debug|Any CPU.Build.0 = Debug|Any CPU
		{C6591F53-7556-4156-A5D3-70E0DC4BDD0A}.Release|Any CPU.ActiveCfg = Release|Any CPU
		{C6591F53-7556-4156-A5D3-70E0DC4BDD0A}.Release|Any CPU.Build.0 = Release|Any CPU
		{B54C4693-A197-4186-998D-3457ECC99BA1}.Debug|Any CPU.ActiveCfg = Debug|Any CPU
		{B54C4693-A197-4186-998D-3457ECC99BA1}.Debug|Any CPU.Build.0 = Debug|Any CPU
		{B54C4693-A197-4186-998D-3457ECC99BA1}.Release|Any CPU.ActiveCfg = Release|Any CPU
		{B54C4693-A197-4186-998D-3457ECC99BA1}.Release|Any CPU.Build.0 = Release|Any CPU
		{A89218D6-A2D9-4887-94A7-C873D512DDB9}.Debug|Any CPU.ActiveCfg = Debug|Any CPU
		{A89218D6-A2D9-4887-94A7-C873D512DDB9}.Debug|Any CPU.Build.0 = Debug|Any CPU
		{A89218D6-A2D9-4887-94A7-C873D512DDB9}.Release|Any CPU.ActiveCfg = Release|Any CPU
		{A89218D6-A2D9-4887-94A7-C873D512DDB9}.Release|Any CPU.Build.0 = Release|Any CPU
		{0C207175-B083-4442-B823-DB7DD23667C5}.Debug|Any CPU.ActiveCfg = Debug|Any CPU
		{0C207175-B083-4442-B823-DB7DD23667C5}.Debug|Any CPU.Build.0 = Debug|Any CPU
		{0C207175-B083-4442-B823-DB7DD23667C5}.Release|Any CPU.ActiveCfg = Release|Any CPU
		{0C207175-B083-4442-B823-DB7DD23667C5}.Release|Any CPU.Build.0 = Release|Any CPU
		{16AA4441-22D6-459D-B771-B15CCC6D0A99}.Debug|Any CPU.ActiveCfg = Debug|Any CPU
		{16AA4441-22D6-459D-B771-B15CCC6D0A99}.Debug|Any CPU.Build.0 = Debug|Any CPU
		{16AA4441-22D6-459D-B771-B15CCC6D0A99}.Release|Any CPU.ActiveCfg = Release|Any CPU
		{16AA4441-22D6-459D-B771-B15CCC6D0A99}.Release|Any CPU.Build.0 = Release|Any CPU
	EndGlobalSection
	GlobalSection(SolutionProperties) = preSolution
		HideSolutionNode = FALSE
	EndGlobalSection
	GlobalSection(ExtensibilityGlobals) = postSolution
		SolutionGuid = {67A3A25A-9656-4D57-B854-5EC704DC9379}
	EndGlobalSection
EndGlobal
